{
  "lockfileVersion": 1,
  "dependencies": {
    "angular": {
      "version": "1.6.4",
      "resolved": "https://registry.npmjs.org/angular/-/angular-1.6.4.tgz",
      "integrity": "sha1-A7exXAGggC1+LPWTJA5gQFTcd/s="
    },
    "angularjs": {
      "version": "0.0.1",
      "resolved": "https://registry.npmjs.org/angularjs/-/angularjs-0.0.1.tgz",
      "integrity": "sha1-SW9QxxQVFedB6pdt6JHe8IOLPxk="
    },
    "jquery": {
      "version": "3.2.1",
      "resolved": "https://registry.npmjs.org/jquery/-/jquery-3.2.1.tgz",
      "integrity": "sha1-XE2d5lKvbNCncBVKYxu6ErAVx4c="
    }
  }
}
